
Microsoft Visual Studio Solution File, Format Version 12.00
# Visual Studio Version 17
VisualStudioVersion = 17.7.34202.233
MinimumVisualStudioVersion = 10.0.40219.1
Project("{9A19103F-16F7-4668-BE54-9A1E7A4F7556}") = "octo", "octo.csproj", "{2916FD2D-A670-467E-93C0-AB2E1836233F}"
EndProject
Project("{FAE04EC0-301F-11D3-BF4B-00C04F79EFBC}") = "octotest", "..\octotest\octotest.csproj", "{7BEC8579-62B3-4242-AC02-4586F8CD237A}"
EndProject
Global
	GlobalSection(SolutionConfigurationPlatforms) = preSolution
		Debug|Any CPU = Debug|Any CPU
		Release|Any CPU = Release|Any CPU
	EndGlobalSection
	GlobalSection(ProjectConfigurationPlatforms) = postSolution
		{2916FD2D-A670-467E-93C0-AB2E1836233F}.Debug|Any CPU.ActiveCfg = Debug|Any CPU
		{2916FD2D-A670-467E-93C0-AB2E1836233F}.Debug|Any CPU.Build.0 = Debug|Any CPU
		{2916FD2D-A670-467E-93C0-AB2E1836233F}.Release|Any CPU.ActiveCfg = Release|Any CPU
		{2916FD2D-A670-467E-93C0-AB2E1836233F}.Release|Any CPU.Build.0 = Release|Any CPU
		{7BEC8579-62B3-4242-AC02-4586F8CD237A}.Debug|Any CPU.ActiveCfg = Debug|Any CPU
		{7BEC8579-62B3-4242-AC02-4586F8CD237A}.Debug|Any CPU.Build.0 = Debug|Any CPU
		{7BEC8579-62B3-4242-AC02-4586F8CD237A}.Release|Any CPU.ActiveCfg = Release|Any CPU
		{7BEC8579-62B3-4242-AC02-4586F8CD237A}.Release|Any CPU.Build.0 = Release|Any CPU
	EndGlobalSection
	GlobalSection(SolutionProperties) = preSolution
		HideSolutionNode = FALSE
	EndGlobalSection
	GlobalSection(ExtensibilityGlobals) = postSolution
		SolutionGuid = {ADC81C3A-CF18-411D-8E26-C70D4FE64E45}
	EndGlobalSection
EndGlobal
